lockfileVersion: '6.0'

settings:
  autoInstallPeers: true
  excludeLinksFromLockfile: false

devDependencies:
  zenn-cli:
    specifier: 0.1.151
    version: 0.1.151

packages:

  /zenn-cli@0.1.151:
    resolution: {integrity: sha512-Xp3hJ7Lo+Li7MbRMPheQCbiWu5nWnExXfyH0cgG8Mwk37tze2Kb1C4UOq/dvg3kukIfI0wxlIGTjoLKL7x8c5g==}
    engines: {node: '>=14.0.0'}
    hasBin: true
    dev: true
